
Microsoft Visual Studio Solution File, Format Version 12.00
# Visual Studio Version 17
VisualStudioVersion = 17.9.34723.18
MinimumVisualStudioVersion = 10.0.40219.1
Project("{8BC9CEB8-8B4A-11D0-8D11-00A0C91BC942}") = "Simple reflection Tests", "Simple reflection Tests.vcxproj", "{BDD16537-7C35-4540-8ED7-682E69E1005F}"
EndProject
Global
	GlobalSection(SolutionConfigurationPlatforms) = preSolution
		Debug|x64 = Debug|x64
		Debug|x86 = Debug|x86
		Release|x64 = Release|x64
		Release|x86 = Release|x86
	EndGlobalSection
	GlobalSection(ProjectConfigurationPlatforms) = postSolution
		{BDD16537-7C35-4540-8ED7-682E69E1005F}.Debug|x64.ActiveCfg = Debug|x64
		{BDD16537-7C35-4540-8ED7-682E69E1005F}.Debug|x64.Build.0 = Debug|x64
		{BDD16537-7C35-4540-8ED7-682E69E1005F}.Debug|x86.ActiveCfg = Debug|Win32
		{BDD16537-7C35-4540-8ED7-682E69E1005F}.Debug|x86.Build.0 = Debug|Win32
		{BDD16537-7C35-4540-8ED7-682E69E1005F}.Release|x64.ActiveCfg = Release|x64
		{BDD16537-7C35-4540-8ED7-682E69E1005F}.Release|x64.Build.0 = Release|x64
		{BDD16537-7C35-4540-8ED7-682E69E1005F}.Release|x86.ActiveCfg = Release|Win32
		{BDD16537-7C35-4540-8ED7-682E69E1005F}.Release|x86.Build.0 = Release|Win32
	EndGlobalSection
	GlobalSection(SolutionProperties) = preSolution
		HideSolutionNode = FALSE
	EndGlobalSection
	GlobalSection(ExtensibilityGlobals) = postSolution
		SolutionGuid = {54BD4CC3-12A8-45D2-979D-9ECAB36820F8}
	EndGlobalSection
EndGlobal
